
Microsoft Visual Studio Solution File, Format Version 12.00
# Visual Studio 2013
VisualStudioVersion = 12.0.21005.1
MinimumVisualStudioVersion = 10.0.40219.1
Project("{FAE04EC0-301F-11D3-BF4B-00C04F79EFBC}") = "ThinClientWrapper", "ThinClientWrapper\ThinClientWrapper.csproj", "{AACD60C9-24F3-40C9-9FD7-F30159DDC39A}"
EndProject
Global
	GlobalSection(SolutionConfigurationPlatforms) = preSolution
		Debug|x86 = Debug|x86
		Release|x86 = Release|x86
	EndGlobalSection
	GlobalSection(ProjectConfigurationPlatforms) = postSolution
		{AACD60C9-24F3-40C9-9FD7-F30159DDC39A}.Debug|x86.ActiveCfg = Release|x86
		{AACD60C9-24F3-40C9-9FD7-F30159DDC39A}.Debug|x86.Build.0 = Release|x86
		{AACD60C9-24F3-40C9-9FD7-F30159DDC39A}.Release|x86.ActiveCfg = Release|x86
		{AACD60C9-24F3-40C9-9FD7-F30159DDC39A}.Release|x86.Build.0 = Release|x86
	EndGlobalSection
	GlobalSection(SolutionProperties) = preSolution
		HideSolutionNode = FALSE
	EndGlobalSection
	GlobalSection(MonoDevelopProperties) = preSolution
		StartupItem = ThinClientWrapper\ThinClientWrapper.csproj
		Policies = $0
		$0.DotNetNamingPolicy = $1
		$1.DirectoryNamespaceAssociation = None
		$1.ResourceNamePolicy = FileFormatDefault
		$0.TextStylePolicy = $3
		$2.FileWidth = 120
		$2.TabsToSpaces = False
		$2.inheritsSet = VisualStudio
		$2.inheritsScope = text/plain
		$2.scope = text/plain
		$3.inheritsSet = null
		$3.scope = application/config+xml
		$0.XmlFormattingPolicy = $4
		$4.inheritsSet = null
		$4.scope = application/config+xml
		version = 0.2
	EndGlobalSection
EndGlobal
